
Microsoft Visual Studio Solution File, Format Version 12.00
# Visual Studio 15
VisualStudioVersion = 15.0.27703.2035
MinimumVisualStudioVersion = 10.0.40219.1
Project("{FAE04EC0-301F-11D3-BF4B-00C04F79EFBC}") = "hostAPI", "hostAPI\hostAPI.csproj", "{B3726888-5690-48EA-82FB-CC39771C4FC5}"
EndProject
Global
	GlobalSection(SolutionConfigurationPlatforms) = preSolution
		Debug|Any CPU = Debug|Any CPU
		Release|Any CPU = Release|Any CPU
	EndGlobalSection
	GlobalSection(ProjectConfigurationPlatforms) = postSolution
		{B3726888-5690-48EA-82FB-CC39771C4FC5}.Debug|Any CPU.ActiveCfg = Debug|Any CPU
		{B3726888-5690-48EA-82FB-CC39771C4FC5}.Debug|Any CPU.Build.0 = Debug|Any CPU
		{B3726888-5690-48EA-82FB-CC39771C4FC5}.Release|Any CPU.ActiveCfg = Release|Any CPU
		{B3726888-5690-48EA-82FB-CC39771C4FC5}.Release|Any CPU.Build.0 = Release|Any CPU
	EndGlobalSection
	GlobalSection(SolutionProperties) = preSolution
		HideSolutionNode = FALSE
	EndGlobalSection
	GlobalSection(ExtensibilityGlobals) = postSolution
		SolutionGuid = {AC0CE58F-F30F-4064-BAB2-E4C094E2D701}
	EndGlobalSection
EndGlobal
