
Microsoft Visual Studio Solution File, Format Version 12.00
# Visual Studio 15
VisualStudioVersion = 15.0.27703.2035
MinimumVisualStudioVersion = 10.0.40219.1
Project("{FAE04EC0-301F-11D3-BF4B-00C04F79EFBC}") = "ClassLibrary1", "ClassLibrary1\ClassLibrary1.csproj", "{264736B3-E6B9-4B5B-A51F-B0142111D4BA}"
EndProject
Project("{FAE04EC0-301F-11D3-BF4B-00C04F79EFBC}") = "Api", "Api\Api.csproj", "{F92AFA3F-7E48-43B2-AF27-86343CB5A577}"
EndProject
Global
	GlobalSection(SolutionConfigurationPlatforms) = preSolution
		Debug|Any CPU = Debug|Any CPU
		Release|Any CPU = Release|Any CPU
	EndGlobalSection
	GlobalSection(ProjectConfigurationPlatforms) = postSolution
		{264736B3-E6B9-4B5B-A51F-B0142111D4BA}.Debug|Any CPU.ActiveCfg = Debug|Any CPU
		{264736B3-E6B9-4B5B-A51F-B0142111D4BA}.Debug|Any CPU.Build.0 = Debug|Any CPU
		{264736B3-E6B9-4B5B-A51F-B0142111D4BA}.Release|Any CPU.ActiveCfg = Release|Any CPU
		{264736B3-E6B9-4B5B-A51F-B0142111D4BA}.Release|Any CPU.Build.0 = Release|Any CPU
		{F92AFA3F-7E48-43B2-AF27-86343CB5A577}.Debug|Any CPU.ActiveCfg = Debug|Any CPU
		{F92AFA3F-7E48-43B2-AF27-86343CB5A577}.Debug|Any CPU.Build.0 = Debug|Any CPU
		{F92AFA3F-7E48-43B2-AF27-86343CB5A577}.Release|Any CPU.ActiveCfg = Release|Any CPU
		{F92AFA3F-7E48-43B2-AF27-86343CB5A577}.Release|Any CPU.Build.0 = Release|Any CPU
	EndGlobalSection
	GlobalSection(SolutionProperties) = preSolution
		HideSolutionNode = FALSE
	EndGlobalSection
	GlobalSection(ExtensibilityGlobals) = postSolution
		SolutionGuid = {DAA27873-89EB-4E06-B9F3-3E67552608F8}
	EndGlobalSection
EndGlobal
